lockfileVersion: '9.0'

settings:
  autoInstallPeers: true
  excludeLinksFromLockfile: false

importers:

  .:
    dependencies:
      '@types/node':
        specifier: ^22.6.1
        version: 22.6.1
      typescript:
        specifier: ^5.6.2
        version: 5.6.2

packages:

  '@types/node@22.6.1':
    resolution: {integrity: sha512-V48tCfcKb/e6cVUigLAaJDAILdMP0fUW6BidkPK4GpGjXcfbnoHasCZDwz3N3yVt5we2RHm4XTQCpv0KJz9zqw==, tarball: http://artifactory.intra.xiaojukeji.com/artifactory/api/npm/npm/@types/node/-/node-22.6.1.tgz?dl=https%3A%2F%2Fregistry.npmmirror.com%2F%40types%2Fnode%2F-%2Fnode-22.6.1.tgz}

  typescript@5.6.2:
    resolution: {integrity: sha512-NW8ByodCSNCwZeghjN3o+JX5OFH0Ojg6sadjEKY4huZ52TqbJTJnDo5+Tw98lSy63NZvi4n+ez5m2u5d4PkZyw==, tarball: http://artifactory.intra.xiaojukeji.com/artifactory/api/npm/npm/typescript/-/typescript-5.6.2.tgz?dl=https%3A%2F%2Fregistry.npmmirror.com%2Ftypescript%2F-%2Ftypescript-5.6.2.tgz}
    engines: {node: '>=14.17'}
    hasBin: true

  undici-types@6.19.8:
    resolution: {integrity: sha512-ve2KP6f/JnbPBFyobGHuerC9g1FYGn/F8n1LWTwNxCEzd6IfqTwUQcNXgEtmmQ6DlRrC1hrSrBnCZPokRrDHjw==, tarball: http://artifactory.intra.xiaojukeji.com/artifactory/api/npm/npm/undici-types/-/undici-types-6.19.8.tgz?dl=https%3A%2F%2Fregistry.npmmirror.com%2Fundici-types%2F-%2Fundici-types-6.19.8.tgz}

snapshots:

  '@types/node@22.6.1':
    dependencies:
      undici-types: 6.19.8

  typescript@5.6.2: {}

  undici-types@6.19.8: {}
